
Microsoft Visual Studio Solution File, Format Version 12.00
# Visual Studio Version 17
VisualStudioVersion = 17.8.34525.116
MinimumVisualStudioVersion = 10.0.40219.1
Project("{FAE04EC0-301F-11D3-BF4B-00C04F79EFBC}") = "BulkeyWeb", "BulkeyWeb.csproj", "{E5DCA173-B7C5-4F5B-85F6-2E563AD34AF1}"
EndProject
Global
	GlobalSection(SolutionConfigurationPlatforms) = preSolution
		Debug|Any CPU = Debug|Any CPU
		Release|Any CPU = Release|Any CPU
	EndGlobalSection
	GlobalSection(ProjectConfigurationPlatforms) = postSolution
		{E5DCA173-B7C5-4F5B-85F6-2E563AD34AF1}.Debug|Any CPU.ActiveCfg = Debug|Any CPU
		{E5DCA173-B7C5-4F5B-85F6-2E563AD34AF1}.Debug|Any CPU.Build.0 = Debug|Any CPU
		{E5DCA173-B7C5-4F5B-85F6-2E563AD34AF1}.Release|Any CPU.ActiveCfg = Release|Any CPU
		{E5DCA173-B7C5-4F5B-85F6-2E563AD34AF1}.Release|Any CPU.Build.0 = Release|Any CPU
	EndGlobalSection
	GlobalSection(SolutionProperties) = preSolution
		HideSolutionNode = FALSE
	EndGlobalSection
	GlobalSection(ExtensibilityGlobals) = postSolution
		SolutionGuid = {73CD43FC-AF66-421C-9E59-53AFBC4E703F}
	EndGlobalSection
EndGlobal
